
Microsoft Visual Studio Solution File, Format Version 12.00
# Visual Studio Version 17
VisualStudioVersion = 17.5.33530.505
MinimumVisualStudioVersion = 10.0.40219.1
Project("{FAE04EC0-301F-11D3-BF4B-00C04F79EFBC}") = "MoxMatrix", "MoxMatrix\MoxMatrix.csproj", "{A2EC3EFC-F6DE-4F99-8EA3-EFB3908745E6}"
EndProject
Global
	GlobalSection(SolutionConfigurationPlatforms) = preSolution
		Debug|Any CPU = Debug|Any CPU
		Release|Any CPU = Release|Any CPU
	EndGlobalSection
	GlobalSection(ProjectConfigurationPlatforms) = postSolution
		{A2EC3EFC-F6DE-4F99-8EA3-EFB3908745E6}.Debug|Any CPU.ActiveCfg = Debug|Any CPU
		{A2EC3EFC-F6DE-4F99-8EA3-EFB3908745E6}.Debug|Any CPU.Build.0 = Debug|Any CPU
		{A2EC3EFC-F6DE-4F99-8EA3-EFB3908745E6}.Release|Any CPU.ActiveCfg = Release|Any CPU
		{A2EC3EFC-F6DE-4F99-8EA3-EFB3908745E6}.Release|Any CPU.Build.0 = Release|Any CPU
	EndGlobalSection
	GlobalSection(SolutionProperties) = preSolution
		HideSolutionNode = FALSE
	EndGlobalSection
	GlobalSection(ExtensibilityGlobals) = postSolution
		SolutionGuid = {0C484B98-97B5-4BEF-893E-1F724228122B}
	EndGlobalSection
EndGlobal
